// !$*UTF8*$!
{
	archiveVersion = 1;
	classes = {
	};
	objectVersion = 48;
	objects = {

/* Begin PBXBuildFile section */
		108BBED8202DAF6A00E5CBCA /* AppDelegate.swift in Sources */ = {isa = PBXBuildFile; fileRef = 108BBED7202DAF6A00E5CBCA /* AppDelegate.swift */; };
		108BBEDA202DAF6A00E5CBCA /* ViewController.swift in Sources */ = {isa = PBXBuildFile; fileRef = 108BBED9202DAF6A00E5CBCA /* ViewController.swift */; };
		108BBEDF202DAF6A00E5CBCA /* Assets.xcassets in Resources */ = {isa = PBXBuildFile; fileRef = 108BBEDE202DAF6A00E5CBCA /* Assets.xcassets */; };
		108BBEE2202DAF6A00E5CBCA /* LaunchScreen.storyboard in Resources */ = {isa = PBXBuildFile; fileRef = 108BBEE0202DAF6A00E5CBCA /* LaunchScreen.storyboard */; };
		1097F3DE2032E7C1006FB04A /* Main.storyboard in Resources */ = {isa = PBXBuildFile; fileRef = 1097F3DD2032E7C1006FB04A /* Main.storyboard */; };
		10B1082D203EF3C0003BF3EA /* CalenderViewController.swift in Sources */ = {isa = PBXBuildFile; fileRef = 10B1082C203EF3C0003BF3EA /* CalenderViewController.swift */; };
/* End PBXBuildFile section */

/* Begin PBXFileReference section */
		108BBED4202DAF6A00E5CBCA /* HHR.app */ = {isa = PBXFileReference; explicitFileType = wrapper.application; includeInIndex = 0; path = HHR.app; sourceTree = BUILT_PRODUCTS_DIR; };
		108BBED7202DAF6A00E5CBCA /* AppDelegate.swift */ = {isa = PBXFileReference; lastKnownFileType = sourcecode.swift; path = AppDelegate.swift; sourceTree = "<group>"; };
		108BBED9202DAF6A00E5CBCA /* ViewController.swift */ = {isa = PBXFileReference; lastKnownFileType = sourcecode.swift; path = ViewController.swift; sourceTree = "<group>"; };
		108BBEDE202DAF6A00E5CBCA /* Assets.xcassets */ = {isa = PBXFileReference; lastKnownFileType = folder.assetcatalog; path = Assets.xcassets; sourceTree = "<group>"; };
		108BBEE1202DAF6A00E5CBCA /* Base */ = {isa = PBXFileReference; lastKnownFileType = file.storyboard; name = Base; path = Base.lproj/LaunchScreen.storyboard; sourceTree = "<group>"; };
		108BBEE3202DAF6A00E5CBCA /* Info.plist */ = {isa = PBXFileReference; lastKnownFileType = text.plist.xml; path = Info.plist; sourceTree = "<group>"; };
		1097F3DD2032E7C1006FB04A /* Main.storyboard */ = {isa = PBXFileReference; lastKnownFileType = file.storyboard; path = Main.storyboard; sourceTree = "<group>"; };
		10B1082C203EF3C0003BF3EA /* CalenderViewController.swift */ = {isa = PBXFileReference; lastKnownFileType = sourcecode.swift; path = CalenderViewController.swift; sourceTree = "<group>"; };
/* End PBXFileReference section */

/* Begin PBXFrameworksBuildPhase section */
		108BBED1202DAF6A00E5CBCA /* Frameworks */ = {
			isa = PBXFrameworksBuildPhase;
			buildActionMask = 2147483647;
			files = (
			);
			runOnlyForDeploymentPostprocessing = 0;
		};
/* End PBXFrameworksBuildPhase section */

/* Begin PBXGroup section */
		108BBECB202DAF6A00E5CBCA = {
			isa = PBXGroup;
			children = (
				108BBED6202DAF6A00E5CBCA /* HHR */,
				108BBED5202DAF6A00E5CBCA /* Products */,
			);
			sourceTree = "<group>";
		};
		108BBED5202DAF6A00E5CBCA /* Products */ = {
			isa = PBXGroup;
			children = (
				108BBED4202DAF6A00E5CBCA /* HHR.app */,
			);
			name = Products;
			sourceTree = "<group>";
		};
		108BBED6202DAF6A00E5CBCA /* HHR */ = {
			isa = PBXGroup;
			children = (
				108BBED7202DAF6A00E5CBCA /* AppDelegate.swift */,
				108BBED9202DAF6A00E5CBCA /* ViewController.swift */,
				1097F3DD2032E7C1006FB04A /* Main.storyboard */,
				10B1082C203EF3C0003BF3EA /* CalenderViewController.swift */,
				108BBEDE202DAF6A00E5CBCA /* Assets.xcassets */,
				108BBEE0202DAF6A00E5CBCA /* LaunchScreen.storyboard */,
				108BBEE3202DAF6A00E5CBCA /* Info.plist */,
			);
			path = HHR;
			sourceTree = "<group>";
		};
/* End PBXGroup section */

/* Begin PBXNativeTarget section */
		108BBED3202DAF6A00E5CBCA /* HHR */ = {
			isa = PBXNativeTarget;
			buildConfigurationList = 108BBEE6202DAF6A00E5CBCA /* Build configuration list for PBXNativeTarget "HHR" */;
			buildPhases = (
				108BBED0202DAF6A00E5CBCA /* Sources */,
				108BBED1202DAF6A00E5CBCA /* Frameworks */,
				108BBED2202DAF6A00E5CBCA /* Resources */,
			);
			buildRules = (
			);
			dependencies = (
			);
			name = HHR;
			productName = HHR;
			productReference = 108BBED4202DAF6A00E5CBCA /* HHR.app */;
			productType = "com.apple.product-type.application";
		};
/* End PBXNativeTarget section */

/* Begin PBXProject section */
		108BBECC202DAF6A00E5CBCA /* Project object */ = {
			isa = PBXProject;
			attributes = {
				LastSwiftUpdateCheck = 0920;
				LastUpgradeCheck = 0920;
				ORGANIZATIONNAME = "Helping Hand";
				TargetAttributes = {
					108BBED3202DAF6A00E5CBCA = {
						CreatedOnToolsVersion = 9.2;
						ProvisioningStyle = Automatic;
					};
				};
			};
			buildConfigurationList = 108BBECF202DAF6A00E5CBCA /* Build configuration list for PBXProject "HHR" */;
			compatibilityVersion = "Xcode 8.0";
			developmentRegion = en;
			hasScannedForEncodings = 0;
			knownRegions = (
				en,
				Base,
			);
			mainGroup = 108BBECB202DAF6A00E5CBCA;
			productRefGroup = 108BBED5202DAF6A00E5CBCA /* Products */;
			projectDirPath = "";
			projectRoot = "";
			targets = (
				108BBED3202DAF6A00E5CBCA /* HHR */,
			);
		};
/* End PBXProject section */

/* Begin PBXResourcesBuildPhase section */
		108BBED2202DAF6A00E5CBCA /* Resources */ = {
			isa = PBXResourcesBuildPhase;
			buildActionMask = 2147483647;
			files = (
				108BBEE2202DAF6A00E5CBCA /* LaunchScreen.storyboard in Resources */,
				108BBEDF202DAF6A00E5CBCA /* Assets.xcassets in Resources */,
				1097F3DE2032E7C1006FB04A /* Main.storyboard in Resources */,
			);
			runOnlyForDeploymentPostprocessing = 0;
		};
/* End PBXResourcesBuildPhase section */

/* Begin PBXSourcesBuildPhase section */
		108BBED0202DAF6A00E5CBCA /* Sources */ = {
			isa = PBXSourcesBuildPhase;
			buildActionMask = 2147483647;
			files = (
				10B1082D203EF3C0003BF3EA /* CalenderViewController.swift in Sources */,
				108BBEDA202DAF6A00E5CBCA /* ViewController.swift in Sources */,
				108BBED8202DAF6A00E5CBCA /* AppDelegate.swift in Sources */,
			);
			runOnlyForDeploymentPostprocessing = 0;
		};
/* End PBXSourcesBuildPhase section */

/* Begin PBXVariantGroup section */
		108BBEE0202DAF6A00E5CBCA /* LaunchScreen.storyboard */ = {
			isa = PBXVariantGroup;
			children = (
				108BBEE1202DAF6A00E5CBCA /* Base */,
			);
			name = LaunchScreen.storyboard;
			sourceTree = "<group>";
		};
/* End PBXVariantGroup section */

/* Begin XCBuildConfiguration section */
		108BBEE4202DAF6A00E5CBCA /* Debug */ = {
			isa = XCBuildConfiguration;
			buildSettings = {
				ALWAYS_SEARCH_USER_PATHS = NO;
				CLANG_ANALYZER_NONNULL = YES;
				CLANG_ANALYZER_NUMBER_OBJECT_CONVERSION = YES_AGGRESSIVE;
				CLANG_CXX_LANGUAGE_STANDARD = "gnu++14";
				CLANG_CXX_LIBRARY = "libc++";
				CLANG_ENABLE_MODULES = YES;
				CLANG_ENABLE_OBJC_ARC = YES;
				CLANG_WARN_BLOCK_CAPTURE_AUTORELEASING = YES;
				CLANG_WARN_BOOL_CONVERSION = YES;
				CLANG_WARN_COMMA = YES;
				CLANG_WARN_CONSTANT_CONVERSION = YES;
				CLANG_WARN_DIRECT_OBJC_ISA_USAGE = YES_ERROR;
				CLANG_WARN_DOCUMENTATION_COMMENTS = YES;
				CLANG_WARN_EMPTY_BODY = YES;
				CLANG_WARN_ENUM_CONVERSION = YES;
				CLANG_WARN_INFINITE_RECURSION = YES;
				CLANG_WARN_INT_CONVERSION = YES;
				CLANG_WARN_NON_LITERAL_NULL_CONVERSION = YES;
				CLANG_WARN_OBJC_LITERAL_CONVERSION = YES;
				CLANG_WARN_OBJC_ROOT_CLASS = YES_ERROR;
				CLANG_WARN_RANGE_LOOP_ANALYSIS = YES;
				CLANG_WARN_STRICT_PROTOTYPES = YES;
				CLANG_WARN_SUSPICIOUS_MOVE = YES;
				CLANG_WARN_UNGUARDED_AVAILABILITY = YES_AGGRESSIVE;
				CLANG_WARN_UNREACHABLE_CODE = YES;
				CLANG_WARN__DUPLICATE_METHOD_MATCH = YES;
				CODE_SIGN_IDENTITY = "iPhone Developer";
				COPY_PHASE_STRIP = NO;
				DEBUG_INFORMATION_FORMAT = dwarf;
				ENABLE_STRICT_OBJC_MSGSEND = YES;
				ENABLE_TESTABILITY = YES;
				GCC_C_LANGUAGE_STANDARD = gnu11;
				GCC_DYNAMIC_NO_PIC = NO;
				GCC_NO_COMMON_BLOCKS = YES;
				GCC_OPTIMIZATION_LEVEL = 0;
				GCC_PREPROCESSOR_DEFINITIONS = (
					"DEBUG=1",
					"$(inherited)",
				);
				GCC_WARN_64_TO_32_BIT_CONVERSION = YES;
				GCC_WARN_ABOUT_RETURN_TYPE = YES_ERROR;
				GCC_WARN_UNDECLARED_SELECTOR = YES;
				GCC_WARN_UNINITIALIZED_AUTOS = YES_AGGRESSIVE;
				GCC_WARN_UNUSED_FUNCTION = YES;
				GCC_WARN_UNUSED_VARIABLE = YES;
				IPHONEOS_DEPLOYMENT_TARGET = 11.2;
				MTL_ENABLE_DEBUG_INFO = YES;
				ONLY_ACTIVE_ARCH = YES;
				SDKROOT = iphoneos;
				SWIFT_ACTIVE_COMPILATION_CONDITIONS = DEBUG;
				SWIFT_OPTIMIZATION_LEVEL = "-Onone";
			};
			name = Debug;
		};
		108BBEE5202DAF6A00E5CBCA /* Release */ = {
			isa = XCBuildConfiguration;
			buildSettings = {
				ALWAYS_SEARCH_USER_PATHS = NO;
				CLANG_ANALYZER_NONNULL = YES;
				CLANG_ANALYZER_NUMBER_OBJECT_CONVERSION = YES_AGGRESSIVE;
				CLANG_CXX_LANGUAGE_STANDARD = "gnu++14";
				CLANG_CXX_LIBRARY = "libc++";
				CLANG_ENABLE_MODULES = YES;
				CLANG_ENABLE_OBJC_ARC = YES;
				CLANG_WARN_BLOCK_CAPTURE_AUTORELEASING = YES;
				CLANG_WARN_BOOL_CONVERSION = YES;
				CLANG_WARN_COMMA = YES;
				CLANG_WARN_CONSTANT_CONVERSION = YES;
				CLANG_WARN_DIRECT_OBJC_ISA_USAGE = YES_ERROR;
				CLANG_WARN_DOCUMENTATION_COMMENTS = YES;
				CLANG_WARN_EMPTY_BODY = YES;
				CLANG_WARN_ENUM_CONVERSION = YES;
				CLANG_WARN_INFINITE_RECURSION = YES;
				CLANG_WARN_INT_CONVERSION = YES;
				CLANG_WARN_NON_LITERAL_NULL_CONVERSION = YES;
				CLANG_WARN_OBJC_LITERAL_CONVERSION = YES;
				CLANG_WARN_OBJC_ROOT_CLASS = YES_ERROR;
				CLANG_WARN_RANGE_LOOP_ANALYSIS = YES;
				CLANG_WARN_STRICT_PROTOTYPES = YES;
				CLANG_WARN_SUSPICIOUS_MOVE = YES;
				CLANG_WARN_UNGUARDED_AVAILABILITY = YES_AGGRESSIVE;
				CLANG_WARN_UNREACHABLE_CODE = YES;
				CLANG_WARN__DUPLICATE_METHOD_MATCH = YES;
				CODE_SIGN_IDENTITY = "iPhone Developer";
				COPY_PHASE_STRIP = NO;
				DEBUG_INFORMATION_FORMAT = "dwarf-with-dsym";
				ENABLE_NS_ASSERTIONS = NO;
				ENABLE_STRICT_OBJC_MSGSEND = YES;
				GCC_C_LANGUAGE_STANDARD = gnu11;
				GCC_NO_COMMON_BLOCKS = YES;
				GCC_WARN_64_TO_32_BIT_CONVERSION = YES;
				GCC_WARN_ABOUT_RETURN_TYPE = YES_ERROR;
				GCC_WARN_UNDECLARED_SELECTOR = YES;
				GCC_WARN_UNINITIALIZED_AUTOS = YES_AGGRESSIVE;
				GCC_WARN_UNUSED_FUNCTION = YES;
				GCC_WARN_UNUSED_VARIABLE = YES;
				IPHONEOS_DEPLOYMENT_TARGET = 11.2;
				MTL_ENABLE_DEBUG_INFO = NO;
				SDKROOT = iphoneos;
				SWIFT_OPTIMIZATION_LEVEL = "-Owholemodule";
				VALIDATE_PRODUCT = YES;
			};
			name = Release;
		};
		108BBEE7202DAF6A00E5CBCA /* Debug */ = {
			isa = XCBuildConfiguration;
			buildSettings = {
				ASSETCATALOG_COMPILER_APPICON_NAME = AppIcon;
				CODE_SIGN_STYLE = Automatic;
				DEVELOPMENT_TEAM = "";
				INFOPLIST_FILE = HHR/Info.plist;
				LD_RUNPATH_SEARCH_PATHS = "$(inherited) @executable_path/Frameworks";
				PRODUCT_BUNDLE_IDENTIFIER = "com.Helping-Hand.HHR";
				PRODUCT_NAME = "$(TARGET_NAME)";
				SWIFT_VERSION = 4.0;
				TARGETED_DEVICE_FAMILY = "1,2";
			};
			name = Debug;
		};
		108BBEE8202DAF6A00E5CBCA /* Release */ = {
			isa = XCBuildConfiguration;
			buildSettings = {
				ASSETCATALOG_COMPILER_APPICON_NAME = AppIcon;
				CODE_SIGN_STYLE = Automatic;
				DEVELOPMENT_TEAM = "";
				INFOPLIST_FILE = HHR/Info.plist;
				LD_RUNPATH_SEARCH_PATHS = "$(inherited) @executable_path/Frameworks";
				PRODUCT_BUNDLE_IDENTIFIER = "com.Helping-Hand.HHR";
				PRODUCT_NAME = "$(TARGET_NAME)";
				SWIFT_VERSION = 4.0;
				TARGETED_DEVICE_FAMILY = "1,2";
			};
			name = Release;
		};
/* End XCBuildConfiguration section */

/* Begin XCConfigurationList section */
		108BBECF202DAF6A00E5CBCA /* Build configuration list for PBXProject "HHR" */ = {
			isa = XCConfigurationList;
			buildConfigurations = (
				108BBEE4202DAF6A00E5CBCA /* Debug */,
				108BBEE5202DAF6A00E5CBCA /* Release */,
			);
			defaultConfigurationIsVisible = 0;
			defaultConfigurationName = Release;
		};
		108BBEE6202DAF6A00E5CBCA /* Build configuration list for PBXNativeTarget "HHR" */ = {
			isa = XCConfigurationList;
			buildConfigurations = (
				108BBEE7202DAF6A00E5CBCA /* Debug */,
				108BBEE8202DAF6A00E5CBCA /* Release */,
			);
			defaultConfigurationIsVisible = 0;
			defaultConfigurationName = Release;
		};
/* End XCConfigurationList section */
	};
	rootObject = 108BBECC202DAF6A00E5CBCA /* Project object */;
}
